
Microsoft Visual Studio Solution File, Format Version 12.00
# Visual Studio Version 17
VisualStudioVersion = 17.4.33213.308
MinimumVisualStudioVersion = 10.0.40219.1
Project("{9A19103F-16F7-4668-BE54-9A1E7A4F7556}") = "Store.Domain", "src\Store.Domain\Store.Domain.csproj", "{554AD327-6DBA-4F8F-96F8-81CE7A0C863F}"
EndProject
Project("{9A19103F-16F7-4668-BE54-9A1E7A4F7556}") = "Store.EntityFrameworkCore", "src\Store.EntityFrameworkCore\Store.EntityFrameworkCore.csproj", "{C956DD76-69C8-4A9C-83EA-D17DF83340FD}"
EndProject
Project("{2150E333-8FDC-42A3-9474-1A3956D46DE8}") = "src", "src", "{CA9AC87F-097E-4F15-8393-4BC07735A5B0}"
EndProject
Project("{2150E333-8FDC-42A3-9474-1A3956D46DE8}") = "test", "test", "{04DBDB01-70F4-4E06-B468-8F87850B22BE}"
EndProject
Project("{9A19103F-16F7-4668-BE54-9A1E7A4F7556}") = "Store.Domain.Shared", "src\Store.Domain.Shared\Store.Domain.Shared.csproj", "{42F719ED-8413-4895-B5B4-5AB56079BC66}"
EndProject
Project("{9A19103F-16F7-4668-BE54-9A1E7A4F7556}") = "Store.AuthServer", "src\Store.AuthServer\Store.AuthServer.csproj", "{073C361E-B8F4-49F5-93CC-72A3FF49C026}"
EndProject
Project("{9A19103F-16F7-4668-BE54-9A1E7A4F7556}") = "Store.EntityFrameworkCore.Tests", "test\Store.EntityFrameworkCore.Tests\Store.EntityFrameworkCore.Tests.csproj", "{1FE30EB9-74A9-47F5-A9F6-7B1FAB672D81}"
EndProject
Project("{9A19103F-16F7-4668-BE54-9A1E7A4F7556}") = "Store.TestBase", "test\Store.TestBase\Store.TestBase.csproj", "{91853F21-9CD9-4132-BC29-A7D5D84FFFE7}"
EndProject
Project("{9A19103F-16F7-4668-BE54-9A1E7A4F7556}") = "Store.DbMigrator", "src\Store.DbMigrator\Store.DbMigrator.csproj", "{AA94D832-1CCC-4715-95A9-A483F23A1A5D}"
EndProject
Project("{2150E333-8FDC-42A3-9474-1A3956D46DE8}") = "common", "common", "{999C27E2-409D-4256-9F39-1D176084A70A}"
EndProject
Project("{2150E333-8FDC-42A3-9474-1A3956D46DE8}") = "domain", "domain", "{CEFBD189-32E6-4709-A9A4-5735C8C15E6B}"
EndProject
Project("{2150E333-8FDC-42A3-9474-1A3956D46DE8}") = "infrastructure", "infrastructure", "{BCEEAA75-1A47-4362-BB56-D41264A93A16}"
EndProject
Project("{2150E333-8FDC-42A3-9474-1A3956D46DE8}") = "auth", "auth", "{1327F1A2-6901-425E-B460-EEC9020A6B89}"
EndProject
Project("{2150E333-8FDC-42A3-9474-1A3956D46DE8}") = "public", "public", "{EBE49F68-A2BE-4288-B5B5-9FAAC937AE59}"
EndProject
Project("{2150E333-8FDC-42A3-9474-1A3956D46DE8}") = "admin", "admin", "{00DB3971-52DB-413F-B173-C0F6D7ABC25D}"
EndProject
Project("{9A19103F-16F7-4668-BE54-9A1E7A4F7556}") = "Store.Admin.Application", "src\Store.Admin.Application\Store.Admin.Application.csproj", "{6A0EB861-8A53-49C9-BE34-9CBBA9F1EF44}"
EndProject
Project("{9A19103F-16F7-4668-BE54-9A1E7A4F7556}") = "Store.Admin.Application.Contracts", "src\Store.Admin.Application.Contracts\Store.Admin.Application.Contracts.csproj", "{D7F9772E-BB48-4E91-9B71-1BC64C5E2D72}"
EndProject
Project("{9A19103F-16F7-4668-BE54-9A1E7A4F7556}") = "Store.Admin.HttpApi", "src\Store.Admin.HttpApi\Store.Admin.HttpApi.csproj", "{02329D42-78DA-4497-81B1-89CFAB15A50E}"
EndProject
Project("{9A19103F-16F7-4668-BE54-9A1E7A4F7556}") = "Store.Admin.HttpApi.Client", "src\Store.Admin.HttpApi.Client\Store.Admin.HttpApi.Client.csproj", "{ECDE9F65-9F44-43A9-B73E-3353BF0CC754}"
EndProject
Project("{9A19103F-16F7-4668-BE54-9A1E7A4F7556}") = "Store.Admin.HttpApi.Host", "src\Store.Admin.HttpApi.Host\Store.Admin.HttpApi.Host.csproj", "{6F0CAC2E-772B-4648-BA68-C73334C771A8}"
EndProject
Project("{2150E333-8FDC-42A3-9474-1A3956D46DE8}") = "public", "public", "{2F7E1D42-BE49-4919-92BA-F0AB8270B4B3}"
EndProject
Project("{2150E333-8FDC-42A3-9474-1A3956D46DE8}") = "admin", "admin", "{4527FC76-3036-406E-BDC2-788DEE8E296C}"
EndProject
Project("{9A19103F-16F7-4668-BE54-9A1E7A4F7556}") = "Store.Admin.Application.Tests", "test\Store.Admin.Application.Tests\Store.Admin.Application.Tests.csproj", "{34135D74-A37D-4436-A531-FB3558A3FA15}"
EndProject
Project("{9A19103F-16F7-4668-BE54-9A1E7A4F7556}") = "Store.Admin.HttpApi.Client.ConsoleTestApp", "test\Store.Admin.HttpApi.Client.ConsoleTestApp\Store.Admin.HttpApi.Client.ConsoleTestApp.csproj", "{2434128B-1656-48E3-BBA4-67FFF35C3578}"
EndProject
Project("{2150E333-8FDC-42A3-9474-1A3956D46DE8}") = "shared", "shared", "{16F45890-D37D-4AAD-B758-7AAB85D38970}"
EndProject
Project("{9A19103F-16F7-4668-BE54-9A1E7A4F7556}") = "Store.Public.HttpApi.Client.ConsoleTestApp", "test\Store.Public.HttpApi.Client.ConsoleTestApp\Store.Public.HttpApi.Client.ConsoleTestApp.csproj", "{7DA7224D-75F2-40F8-B74A-88463B345034}"
EndProject
Project("{9A19103F-16F7-4668-BE54-9A1E7A4F7556}") = "Store.Public.Application.Tests", "test\Store.Public.Application.Tests\Store.Public.Application.Tests.csproj", "{F799EFD7-5687-4874-AFD3-5F0D943DC109}"
EndProject
Project("{9A19103F-16F7-4668-BE54-9A1E7A4F7556}") = "Store.Public.Application", "src\Store.Public.Application\Store.Public.Application.csproj", "{7AC5AFF9-805B-42B1-B0DE-3475F737F636}"
EndProject
Project("{9A19103F-16F7-4668-BE54-9A1E7A4F7556}") = "Store.Public.Application.Contracts", "src\Store.Public.Application.Contracts\Store.Public.Application.Contracts.csproj", "{70C53A24-3C00-492D-B818-2FE007D69A5F}"
EndProject
Project("{9A19103F-16F7-4668-BE54-9A1E7A4F7556}") = "Store.Public.HttpApi", "src\Store.Public.HttpApi\Store.Public.HttpApi.csproj", "{2B1DC230-C30B-4585-B8A0-AE39194D625B}"
EndProject
Project("{9A19103F-16F7-4668-BE54-9A1E7A4F7556}") = "Store.Public.HttpApi.Client", "src\Store.Public.HttpApi.Client\Store.Public.HttpApi.Client.csproj", "{63C8DFEF-FC3F-49D6-91CF-09E5EAA7D2F4}"
EndProject
Project("{9A19103F-16F7-4668-BE54-9A1E7A4F7556}") = "Store.Public.Web", "src\Store.Public.Web\Store.Public.Web.csproj", "{48CBB8CE-F077-4608-887C-85CEF370735E}"
EndProject
Project("{9A19103F-16F7-4668-BE54-9A1E7A4F7556}") = "Store.Domain.Tests", "test\Store.Domain.Tests\Store.Domain.Tests.csproj", "{63D13C5A-5CEF-4AE6-B10E-33D088068FF5}"
EndProject
Project("{FAE04EC0-301F-11D3-BF4B-00C04F79EFBC}") = "Store.BackgroundWorkers", "src\Store.BackgroundWorkers\Store.BackgroundWorkers.csproj", "{E131A280-CA18-4374-B01F-8917A433E114}"
EndProject
Global
	GlobalSection(SolutionConfigurationPlatforms) = preSolution
		Debug|Any CPU = Debug|Any CPU
		Release|Any CPU = Release|Any CPU
	EndGlobalSection
	GlobalSection(ProjectConfigurationPlatforms) = postSolution
		{554AD327-6DBA-4F8F-96F8-81CE7A0C863F}.Debug|Any CPU.ActiveCfg = Debug|Any CPU
		{554AD327-6DBA-4F8F-96F8-81CE7A0C863F}.Debug|Any CPU.Build.0 = Debug|Any CPU
		{554AD327-6DBA-4F8F-96F8-81CE7A0C863F}.Release|Any CPU.ActiveCfg = Release|Any CPU
		{554AD327-6DBA-4F8F-96F8-81CE7A0C863F}.Release|Any CPU.Build.0 = Release|Any CPU
		{C956DD76-69C8-4A9C-83EA-D17DF83340FD}.Debug|Any CPU.ActiveCfg = Debug|Any CPU
		{C956DD76-69C8-4A9C-83EA-D17DF83340FD}.Debug|Any CPU.Build.0 = Debug|Any CPU
		{C956DD76-69C8-4A9C-83EA-D17DF83340FD}.Release|Any CPU.ActiveCfg = Release|Any CPU
		{C956DD76-69C8-4A9C-83EA-D17DF83340FD}.Release|Any CPU.Build.0 = Release|Any CPU
		{42F719ED-8413-4895-B5B4-5AB56079BC66}.Debug|Any CPU.ActiveCfg = Debug|Any CPU
		{42F719ED-8413-4895-B5B4-5AB56079BC66}.Debug|Any CPU.Build.0 = Debug|Any CPU
		{42F719ED-8413-4895-B5B4-5AB56079BC66}.Release|Any CPU.ActiveCfg = Release|Any CPU
		{42F719ED-8413-4895-B5B4-5AB56079BC66}.Release|Any CPU.Build.0 = Release|Any CPU
		{073C361E-B8F4-49F5-93CC-72A3FF49C026}.Debug|Any CPU.ActiveCfg = Debug|Any CPU
		{073C361E-B8F4-49F5-93CC-72A3FF49C026}.Debug|Any CPU.Build.0 = Debug|Any CPU
		{073C361E-B8F4-49F5-93CC-72A3FF49C026}.Release|Any CPU.ActiveCfg = Release|Any CPU
		{073C361E-B8F4-49F5-93CC-72A3FF49C026}.Release|Any CPU.Build.0 = Release|Any CPU
		{1FE30EB9-74A9-47F5-A9F6-7B1FAB672D81}.Debug|Any CPU.ActiveCfg = Debug|Any CPU
		{1FE30EB9-74A9-47F5-A9F6-7B1FAB672D81}.Debug|Any CPU.Build.0 = Debug|Any CPU
		{1FE30EB9-74A9-47F5-A9F6-7B1FAB672D81}.Release|Any CPU.ActiveCfg = Release|Any CPU
		{1FE30EB9-74A9-47F5-A9F6-7B1FAB672D81}.Release|Any CPU.Build.0 = Release|Any CPU
		{91853F21-9CD9-4132-BC29-A7D5D84FFFE7}.Debug|Any CPU.ActiveCfg = Debug|Any CPU
		{91853F21-9CD9-4132-BC29-A7D5D84FFFE7}.Debug|Any CPU.Build.0 = Debug|Any CPU
		{91853F21-9CD9-4132-BC29-A7D5D84FFFE7}.Release|Any CPU.ActiveCfg = Release|Any CPU
		{91853F21-9CD9-4132-BC29-A7D5D84FFFE7}.Release|Any CPU.Build.0 = Release|Any CPU
		{AA94D832-1CCC-4715-95A9-A483F23A1A5D}.Debug|Any CPU.ActiveCfg = Debug|Any CPU
		{AA94D832-1CCC-4715-95A9-A483F23A1A5D}.Debug|Any CPU.Build.0 = Debug|Any CPU
		{AA94D832-1CCC-4715-95A9-A483F23A1A5D}.Release|Any CPU.ActiveCfg = Release|Any CPU
		{AA94D832-1CCC-4715-95A9-A483F23A1A5D}.Release|Any CPU.Build.0 = Release|Any CPU
		{6A0EB861-8A53-49C9-BE34-9CBBA9F1EF44}.Debug|Any CPU.ActiveCfg = Debug|Any CPU
		{6A0EB861-8A53-49C9-BE34-9CBBA9F1EF44}.Debug|Any CPU.Build.0 = Debug|Any CPU
		{6A0EB861-8A53-49C9-BE34-9CBBA9F1EF44}.Release|Any CPU.ActiveCfg = Release|Any CPU
		{6A0EB861-8A53-49C9-BE34-9CBBA9F1EF44}.Release|Any CPU.Build.0 = Release|Any CPU
		{D7F9772E-BB48-4E91-9B71-1BC64C5E2D72}.Debug|Any CPU.ActiveCfg = Debug|Any CPU
		{D7F9772E-BB48-4E91-9B71-1BC64C5E2D72}.Debug|Any CPU.Build.0 = Debug|Any CPU
		{D7F9772E-BB48-4E91-9B71-1BC64C5E2D72}.Release|Any CPU.ActiveCfg = Release|Any CPU
		{D7F9772E-BB48-4E91-9B71-1BC64C5E2D72}.Release|Any CPU.Build.0 = Release|Any CPU
		{02329D42-78DA-4497-81B1-89CFAB15A50E}.Debug|Any CPU.ActiveCfg = Debug|Any CPU
		{02329D42-78DA-4497-81B1-89CFAB15A50E}.Debug|Any CPU.Build.0 = Debug|Any CPU
		{02329D42-78DA-4497-81B1-89CFAB15A50E}.Release|Any CPU.ActiveCfg = Release|Any CPU
		{02329D42-78DA-4497-81B1-89CFAB15A50E}.Release|Any CPU.Build.0 = Release|Any CPU
		{ECDE9F65-9F44-43A9-B73E-3353BF0CC754}.Debug|Any CPU.ActiveCfg = Debug|Any CPU
		{ECDE9F65-9F44-43A9-B73E-3353BF0CC754}.Debug|Any CPU.Build.0 = Debug|Any CPU
		{ECDE9F65-9F44-43A9-B73E-3353BF0CC754}.Release|Any CPU.ActiveCfg = Release|Any CPU
		{ECDE9F65-9F44-43A9-B73E-3353BF0CC754}.Release|Any CPU.Build.0 = Release|Any CPU
		{6F0CAC2E-772B-4648-BA68-C73334C771A8}.Debug|Any CPU.ActiveCfg = Debug|Any CPU
		{6F0CAC2E-772B-4648-BA68-C73334C771A8}.Debug|Any CPU.Build.0 = Debug|Any CPU
		{6F0CAC2E-772B-4648-BA68-C73334C771A8}.Release|Any CPU.ActiveCfg = Release|Any CPU
		{6F0CAC2E-772B-4648-BA68-C73334C771A8}.Release|Any CPU.Build.0 = Release|Any CPU
		{34135D74-A37D-4436-A531-FB3558A3FA15}.Debug|Any CPU.ActiveCfg = Debug|Any CPU
		{34135D74-A37D-4436-A531-FB3558A3FA15}.Debug|Any CPU.Build.0 = Debug|Any CPU
		{34135D74-A37D-4436-A531-FB3558A3FA15}.Release|Any CPU.ActiveCfg = Release|Any CPU
		{34135D74-A37D-4436-A531-FB3558A3FA15}.Release|Any CPU.Build.0 = Release|Any CPU
		{2434128B-1656-48E3-BBA4-67FFF35C3578}.Debug|Any CPU.ActiveCfg = Debug|Any CPU
		{2434128B-1656-48E3-BBA4-67FFF35C3578}.Debug|Any CPU.Build.0 = Debug|Any CPU
		{2434128B-1656-48E3-BBA4-67FFF35C3578}.Release|Any CPU.ActiveCfg = Release|Any CPU
		{2434128B-1656-48E3-BBA4-67FFF35C3578}.Release|Any CPU.Build.0 = Release|Any CPU
		{7DA7224D-75F2-40F8-B74A-88463B345034}.Debug|Any CPU.ActiveCfg = Debug|Any CPU
		{7DA7224D-75F2-40F8-B74A-88463B345034}.Debug|Any CPU.Build.0 = Debug|Any CPU
		{7DA7224D-75F2-40F8-B74A-88463B345034}.Release|Any CPU.ActiveCfg = Release|Any CPU
		{7DA7224D-75F2-40F8-B74A-88463B345034}.Release|Any CPU.Build.0 = Release|Any CPU
		{F799EFD7-5687-4874-AFD3-5F0D943DC109}.Debug|Any CPU.ActiveCfg = Debug|Any CPU
		{F799EFD7-5687-4874-AFD3-5F0D943DC109}.Debug|Any CPU.Build.0 = Debug|Any CPU
		{F799EFD7-5687-4874-AFD3-5F0D943DC109}.Release|Any CPU.ActiveCfg = Release|Any CPU
		{F799EFD7-5687-4874-AFD3-5F0D943DC109}.Release|Any CPU.Build.0 = Release|Any CPU
		{7AC5AFF9-805B-42B1-B0DE-3475F737F636}.Debug|Any CPU.ActiveCfg = Debug|Any CPU
		{7AC5AFF9-805B-42B1-B0DE-3475F737F636}.Debug|Any CPU.Build.0 = Debug|Any CPU
		{7AC5AFF9-805B-42B1-B0DE-3475F737F636}.Release|Any CPU.ActiveCfg = Release|Any CPU
		{7AC5AFF9-805B-42B1-B0DE-3475F737F636}.Release|Any CPU.Build.0 = Release|Any CPU
		{70C53A24-3C00-492D-B818-2FE007D69A5F}.Debug|Any CPU.ActiveCfg = Debug|Any CPU
		{70C53A24-3C00-492D-B818-2FE007D69A5F}.Debug|Any CPU.Build.0 = Debug|Any CPU
		{70C53A24-3C00-492D-B818-2FE007D69A5F}.Release|Any CPU.ActiveCfg = Release|Any CPU
		{70C53A24-3C00-492D-B818-2FE007D69A5F}.Release|Any CPU.Build.0 = Release|Any CPU
		{2B1DC230-C30B-4585-B8A0-AE39194D625B}.Debug|Any CPU.ActiveCfg = Debug|Any CPU
		{2B1DC230-C30B-4585-B8A0-AE39194D625B}.Debug|Any CPU.Build.0 = Debug|Any CPU
		{2B1DC230-C30B-4585-B8A0-AE39194D625B}.Release|Any CPU.ActiveCfg = Release|Any CPU
		{2B1DC230-C30B-4585-B8A0-AE39194D625B}.Release|Any CPU.Build.0 = Release|Any CPU
		{63C8DFEF-FC3F-49D6-91CF-09E5EAA7D2F4}.Debug|Any CPU.ActiveCfg = Debug|Any CPU
		{63C8DFEF-FC3F-49D6-91CF-09E5EAA7D2F4}.Debug|Any CPU.Build.0 = Debug|Any CPU
		{63C8DFEF-FC3F-49D6-91CF-09E5EAA7D2F4}.Release|Any CPU.ActiveCfg = Release|Any CPU
		{63C8DFEF-FC3F-49D6-91CF-09E5EAA7D2F4}.Release|Any CPU.Build.0 = Release|Any CPU
		{48CBB8CE-F077-4608-887C-85CEF370735E}.Debug|Any CPU.ActiveCfg = Debug|Any CPU
		{48CBB8CE-F077-4608-887C-85CEF370735E}.Debug|Any CPU.Build.0 = Debug|Any CPU
		{48CBB8CE-F077-4608-887C-85CEF370735E}.Release|Any CPU.ActiveCfg = Release|Any CPU
		{48CBB8CE-F077-4608-887C-85CEF370735E}.Release|Any CPU.Build.0 = Release|Any CPU
		{63D13C5A-5CEF-4AE6-B10E-33D088068FF5}.Debug|Any CPU.ActiveCfg = Debug|Any CPU
		{63D13C5A-5CEF-4AE6-B10E-33D088068FF5}.Debug|Any CPU.Build.0 = Debug|Any CPU
		{63D13C5A-5CEF-4AE6-B10E-33D088068FF5}.Release|Any CPU.ActiveCfg = Release|Any CPU
		{63D13C5A-5CEF-4AE6-B10E-33D088068FF5}.Release|Any CPU.Build.0 = Release|Any CPU
		{E131A280-CA18-4374-B01F-8917A433E114}.Debug|Any CPU.ActiveCfg = Debug|Any CPU
		{E131A280-CA18-4374-B01F-8917A433E114}.Debug|Any CPU.Build.0 = Debug|Any CPU
		{E131A280-CA18-4374-B01F-8917A433E114}.Release|Any CPU.ActiveCfg = Release|Any CPU
		{E131A280-CA18-4374-B01F-8917A433E114}.Release|Any CPU.Build.0 = Release|Any CPU
	EndGlobalSection
	GlobalSection(SolutionProperties) = preSolution
		HideSolutionNode = FALSE
	EndGlobalSection
	GlobalSection(NestedProjects) = preSolution
		{554AD327-6DBA-4F8F-96F8-81CE7A0C863F} = {CEFBD189-32E6-4709-A9A4-5735C8C15E6B}
		{C956DD76-69C8-4A9C-83EA-D17DF83340FD} = {BCEEAA75-1A47-4362-BB56-D41264A93A16}
		{42F719ED-8413-4895-B5B4-5AB56079BC66} = {CEFBD189-32E6-4709-A9A4-5735C8C15E6B}
		{073C361E-B8F4-49F5-93CC-72A3FF49C026} = {1327F1A2-6901-425E-B460-EEC9020A6B89}
		{1FE30EB9-74A9-47F5-A9F6-7B1FAB672D81} = {16F45890-D37D-4AAD-B758-7AAB85D38970}
		{91853F21-9CD9-4132-BC29-A7D5D84FFFE7} = {16F45890-D37D-4AAD-B758-7AAB85D38970}
		{AA94D832-1CCC-4715-95A9-A483F23A1A5D} = {BCEEAA75-1A47-4362-BB56-D41264A93A16}
		{999C27E2-409D-4256-9F39-1D176084A70A} = {CA9AC87F-097E-4F15-8393-4BC07735A5B0}
		{CEFBD189-32E6-4709-A9A4-5735C8C15E6B} = {999C27E2-409D-4256-9F39-1D176084A70A}
		{BCEEAA75-1A47-4362-BB56-D41264A93A16} = {999C27E2-409D-4256-9F39-1D176084A70A}
		{1327F1A2-6901-425E-B460-EEC9020A6B89} = {CA9AC87F-097E-4F15-8393-4BC07735A5B0}
		{EBE49F68-A2BE-4288-B5B5-9FAAC937AE59} = {CA9AC87F-097E-4F15-8393-4BC07735A5B0}
		{00DB3971-52DB-413F-B173-C0F6D7ABC25D} = {CA9AC87F-097E-4F15-8393-4BC07735A5B0}
		{6A0EB861-8A53-49C9-BE34-9CBBA9F1EF44} = {00DB3971-52DB-413F-B173-C0F6D7ABC25D}
		{D7F9772E-BB48-4E91-9B71-1BC64C5E2D72} = {00DB3971-52DB-413F-B173-C0F6D7ABC25D}
		{02329D42-78DA-4497-81B1-89CFAB15A50E} = {00DB3971-52DB-413F-B173-C0F6D7ABC25D}
		{ECDE9F65-9F44-43A9-B73E-3353BF0CC754} = {00DB3971-52DB-413F-B173-C0F6D7ABC25D}
		{6F0CAC2E-772B-4648-BA68-C73334C771A8} = {00DB3971-52DB-413F-B173-C0F6D7ABC25D}
		{2F7E1D42-BE49-4919-92BA-F0AB8270B4B3} = {04DBDB01-70F4-4E06-B468-8F87850B22BE}
		{4527FC76-3036-406E-BDC2-788DEE8E296C} = {04DBDB01-70F4-4E06-B468-8F87850B22BE}
		{34135D74-A37D-4436-A531-FB3558A3FA15} = {4527FC76-3036-406E-BDC2-788DEE8E296C}
		{2434128B-1656-48E3-BBA4-67FFF35C3578} = {4527FC76-3036-406E-BDC2-788DEE8E296C}
		{16F45890-D37D-4AAD-B758-7AAB85D38970} = {04DBDB01-70F4-4E06-B468-8F87850B22BE}
		{7DA7224D-75F2-40F8-B74A-88463B345034} = {2F7E1D42-BE49-4919-92BA-F0AB8270B4B3}
		{F799EFD7-5687-4874-AFD3-5F0D943DC109} = {2F7E1D42-BE49-4919-92BA-F0AB8270B4B3}
		{7AC5AFF9-805B-42B1-B0DE-3475F737F636} = {EBE49F68-A2BE-4288-B5B5-9FAAC937AE59}
		{70C53A24-3C00-492D-B818-2FE007D69A5F} = {EBE49F68-A2BE-4288-B5B5-9FAAC937AE59}
		{2B1DC230-C30B-4585-B8A0-AE39194D625B} = {EBE49F68-A2BE-4288-B5B5-9FAAC937AE59}
		{63C8DFEF-FC3F-49D6-91CF-09E5EAA7D2F4} = {EBE49F68-A2BE-4288-B5B5-9FAAC937AE59}
		{48CBB8CE-F077-4608-887C-85CEF370735E} = {EBE49F68-A2BE-4288-B5B5-9FAAC937AE59}
		{63D13C5A-5CEF-4AE6-B10E-33D088068FF5} = {16F45890-D37D-4AAD-B758-7AAB85D38970}
		{E131A280-CA18-4374-B01F-8917A433E114} = {BCEEAA75-1A47-4362-BB56-D41264A93A16}
	EndGlobalSection
	GlobalSection(ExtensibilityGlobals) = postSolution
		SolutionGuid = {28315BFD-90E7-4E14-A2EA-F3D23AF4126F}
	EndGlobalSection
EndGlobal
